
Microsoft Visual Studio Solution File, Format Version 12.00
# Visual Studio Version 16
VisualStudioVersion = 16.0.30406.217
MinimumVisualStudioVersion = 10.0.40219.1
Project("{FAE04EC0-301F-11D3-BF4B-00C04F79EFBC}") = "IdeaManagementServer", "IdeaManagementServer\IdeaManagementServer.csproj", "{93B9CDB2-7774-43B3-B919-A3F37ED37433}"
EndProject
Project("{FAE04EC0-301F-11D3-BF4B-00C04F79EFBC}") = "NUnitTest", "NUnitTest\NUnitTest.csproj", "{6BCB8622-FAAC-49A5-8EAE-DAEE576C78CF}"
EndProject
Global
	GlobalSection(SolutionConfigurationPlatforms) = preSolution
		Debug|Any CPU = Debug|Any CPU
		Release|Any CPU = Release|Any CPU
	EndGlobalSection
	GlobalSection(ProjectConfigurationPlatforms) = postSolution
		{93B9CDB2-7774-43B3-B919-A3F37ED37433}.Debug|Any CPU.ActiveCfg = Debug|Any CPU
		{93B9CDB2-7774-43B3-B919-A3F37ED37433}.Debug|Any CPU.Build.0 = Debug|Any CPU
		{93B9CDB2-7774-43B3-B919-A3F37ED37433}.Release|Any CPU.ActiveCfg = Release|Any CPU
		{93B9CDB2-7774-43B3-B919-A3F37ED37433}.Release|Any CPU.Build.0 = Release|Any CPU
		{6BCB8622-FAAC-49A5-8EAE-DAEE576C78CF}.Debug|Any CPU.ActiveCfg = Debug|Any CPU
		{6BCB8622-FAAC-49A5-8EAE-DAEE576C78CF}.Debug|Any CPU.Build.0 = Debug|Any CPU
		{6BCB8622-FAAC-49A5-8EAE-DAEE576C78CF}.Release|Any CPU.ActiveCfg = Release|Any CPU
		{6BCB8622-FAAC-49A5-8EAE-DAEE576C78CF}.Release|Any CPU.Build.0 = Release|Any CPU
	EndGlobalSection
	GlobalSection(SolutionProperties) = preSolution
		HideSolutionNode = FALSE
	EndGlobalSection
	GlobalSection(ExtensibilityGlobals) = postSolution
		SolutionGuid = {3CD88FE0-931B-4AAD-910A-FDF2F6106822}
	EndGlobalSection
EndGlobal
